// !$*UTF8*$!
{
	archiveVersion = 1;
	classes = {
	};
	objectVersion = 46;
	objects = {

/* Begin PBXBuildFile section */
		94FDADCF1C2DCC1F0097FAE7 /* main.cpp in Sources */ = {isa = PBXBuildFile; fileRef = 94FDADCE1C2DCC1F0097FAE7 /* main.cpp */; };
/* End PBXBuildFile section */

/* Begin PBXCopyFilesBuildPhase section */
		94FDADC91C2DCC1F0097FAE7 /* CopyFiles */ = {
			isa = PBXCopyFilesBuildPhase;
			buildActionMask = 2147483647;
			dstPath = /usr/share/man/man1/;
			dstSubfolderSpec = 0;
			files = (
			);
			runOnlyForDeploymentPostprocessing = 1;
		};
/* End PBXCopyFilesBuildPhase section */

/* Begin PBXFileReference section */
		94FDADCB1C2DCC1F0097FAE7 /* tst_void_del */ = {isa = PBXFileReference; explicitFileType = "compiled.mach-o.executable"; includeInIndex = 0; path = tst_void_del; sourceTree = BUILT_PRODUCTS_DIR; };
		94FDADCE1C2DCC1F0097FAE7 /* main.cpp */ = {isa = PBXFileReference; lastKnownFileType = sourcecode.cpp.cpp; path = main.cpp; sourceTree = "<group>"; };
/* End PBXFileReference section */

/* Begin PBXFrameworksBuildPhase section */
		94FDADC81C2DCC1F0097FAE7 /* Frameworks */ = {
			isa = PBXFrameworksBuildPhase;
			buildActionMask = 2147483647;
			files = (
			);
			runOnlyForDeploymentPostprocessing = 0;
		};
/* End PBXFrameworksBuildPhase section */

/* Begin PBXGroup section */
		94FDADC21C2DCC1F0097FAE7 = {
			isa = PBXGroup;
			children = (
				94FDADCD1C2DCC1F0097FAE7 /* tst_void_del */,
				94FDADCC1C2DCC1F0097FAE7 /* Products */,
			);
			sourceTree = "<group>";
		};
		94FDADCC1C2DCC1F0097FAE7 /* Products */ = {
			isa = PBXGroup;
			children = (
				94FDADCB1C2DCC1F0097FAE7 /* tst_void_del */,
			);
			name = Products;
			sourceTree = "<group>";
		};
		94FDADCD1C2DCC1F0097FAE7 /* tst_void_del */ = {
			isa = PBXGroup;
			children = (
				94FDADCE1C2DCC1F0097FAE7 /* main.cpp */,
			);
			path = tst_void_del;
			sourceTree = "<group>";
		};
/* End PBXGroup section */

/* Begin PBXNativeTarget section */
		94FDADCA1C2DCC1F0097FAE7 /* tst_void_del */ = {
			isa = PBXNativeTarget;
			buildConfigurationList = 94FDADD21C2DCC1F0097FAE7 /* Build configuration list for PBXNativeTarget "tst_void_del" */;
			buildPhases = (
				94FDADC71C2DCC1F0097FAE7 /* Sources */,
				94FDADC81C2DCC1F0097FAE7 /* Frameworks */,
				94FDADC91C2DCC1F0097FAE7 /* CopyFiles */,
			);
			buildRules = (
			);
			dependencies = (
			);
			name = tst_void_del;
			productName = tst_void_del;
			productReference = 94FDADCB1C2DCC1F0097FAE7 /* tst_void_del */;
			productType = "com.apple.product-type.tool";
		};
/* End PBXNativeTarget section */

/* Begin PBXProject section */
		94FDADC31C2DCC1F0097FAE7 /* Project object */ = {
			isa = PBXProject;
			attributes = {
				LastUpgradeCheck = 0610;
				ORGANIZATIONNAME = Elahe;
				TargetAttributes = {
					94FDADCA1C2DCC1F0097FAE7 = {
						CreatedOnToolsVersion = 6.1.1;
					};
				};
			};
			buildConfigurationList = 94FDADC61C2DCC1F0097FAE7 /* Build configuration list for PBXProject "tst_void_del" */;
			compatibilityVersion = "Xcode 3.2";
			developmentRegion = English;
			hasScannedForEncodings = 0;
			knownRegions = (
				en,
			);
			mainGroup = 94FDADC21C2DCC1F0097FAE7;
			productRefGroup = 94FDADCC1C2DCC1F0097FAE7 /* Products */;
			projectDirPath = "";
			projectRoot = "";
			targets = (
				94FDADCA1C2DCC1F0097FAE7 /* tst_void_del */,
			);
		};
/* End PBXProject section */

/* Begin PBXSourcesBuildPhase section */
		94FDADC71C2DCC1F0097FAE7 /* Sources */ = {
			isa = PBXSourcesBuildPhase;
			buildActionMask = 2147483647;
			files = (
				94FDADCF1C2DCC1F0097FAE7 /* main.cpp in Sources */,
			);
			runOnlyForDeploymentPostprocessing = 0;
		};
/* End PBXSourcesBuildPhase section */

/* Begin XCBuildConfiguration section */
		94FDADD01C2DCC1F0097FAE7 /* Debug */ = {
			isa = XCBuildConfiguration;
			buildSettings = {
				ALWAYS_SEARCH_USER_PATHS = NO;
				CLANG_CXX_LANGUAGE_STANDARD = "gnu++0x";
				CLANG_CXX_LIBRARY = "libc++";
				CLANG_ENABLE_MODULES = YES;
				CLANG_ENABLE_OBJC_ARC = YES;
				CLANG_WARN_BOOL_CONVERSION = YES;
				CLANG_WARN_CONSTANT_CONVERSION = YES;
				CLANG_WARN_DIRECT_OBJC_ISA_USAGE = YES_ERROR;
				CLANG_WARN_EMPTY_BODY = YES;
				CLANG_WARN_ENUM_CONVERSION = YES;
				CLANG_WARN_INT_CONVERSION = YES;
				CLANG_WARN_OBJC_ROOT_CLASS = YES_ERROR;
				CLANG_WARN_UNREACHABLE_CODE = YES;
				CLANG_WARN__DUPLICATE_METHOD_MATCH = YES;
				COPY_PHASE_STRIP = NO;
				ENABLE_STRICT_OBJC_MSGSEND = YES;
				GCC_C_LANGUAGE_STANDARD = gnu99;
				GCC_DYNAMIC_NO_PIC = NO;
				GCC_OPTIMIZATION_LEVEL = 0;
				GCC_PREPROCESSOR_DEFINITIONS = (
					"DEBUG=1",
					"$(inherited)",
				);
				GCC_SYMBOLS_PRIVATE_EXTERN = NO;
				GCC_WARN_64_TO_32_BIT_CONVERSION = YES;
				GCC_WARN_ABOUT_RETURN_TYPE = YES_ERROR;
				GCC_WARN_UNDECLARED_SELECTOR = YES;
				GCC_WARN_UNINITIALIZED_AUTOS = YES_AGGRESSIVE;
				GCC_WARN_UNUSED_FUNCTION = YES;
				GCC_WARN_UNUSED_VARIABLE = YES;
				MACOSX_DEPLOYMENT_TARGET = 10.10;
				MTL_ENABLE_DEBUG_INFO = YES;
				ONLY_ACTIVE_ARCH = YES;
				SDKROOT = macosx;
			};
			name = Debug;
		};
		94FDADD11C2DCC1F0097FAE7 /* Release */ = {
			isa = XCBuildConfiguration;
			buildSettings = {
				ALWAYS_SEARCH_USER_PATHS = NO;
				CLANG_CXX_LANGUAGE_STANDARD = "gnu++0x";
				CLANG_CXX_LIBRARY = "libc++";
				CLANG_ENABLE_MODULES = YES;
				CLANG_ENABLE_OBJC_ARC = YES;
				CLANG_WARN_BOOL_CONVERSION = YES;
				CLANG_WARN_CONSTANT_CONVERSION = YES;
				CLANG_WARN_DIRECT_OBJC_ISA_USAGE = YES_ERROR;
				CLANG_WARN_EMPTY_BODY = YES;
				CLANG_WARN_ENUM_CONVERSION = YES;
				CLANG_WARN_INT_CONVERSION = YES;
				CLANG_WARN_OBJC_ROOT_CLASS = YES_ERROR;
				CLANG_WARN_UNREACHABLE_CODE = YES;
				CLANG_WARN__DUPLICATE_METHOD_MATCH = YES;
				COPY_PHASE_STRIP = YES;
				DEBUG_INFORMATION_FORMAT = "dwarf-with-dsym";
				ENABLE_NS_ASSERTIONS = NO;
				ENABLE_STRICT_OBJC_MSGSEND = YES;
				GCC_C_LANGUAGE_STANDARD = gnu99;
				GCC_WARN_64_TO_32_BIT_CONVERSION = YES;
				GCC_WARN_ABOUT_RETURN_TYPE = YES_ERROR;
				GCC_WARN_UNDECLARED_SELECTOR = YES;
				GCC_WARN_UNINITIALIZED_AUTOS = YES_AGGRESSIVE;
				GCC_WARN_UNUSED_FUNCTION = YES;
				GCC_WARN_UNUSED_VARIABLE = YES;
				MACOSX_DEPLOYMENT_TARGET = 10.10;
				MTL_ENABLE_DEBUG_INFO = NO;
				SDKROOT = macosx;
			};
			name = Release;
		};
		94FDADD31C2DCC1F0097FAE7 /* Debug */ = {
			isa = XCBuildConfiguration;
			buildSettings = {
				PRODUCT_NAME = "$(TARGET_NAME)";
			};
			name = Debug;
		};
		94FDADD41C2DCC1F0097FAE7 /* Release */ = {
			isa = XCBuildConfiguration;
			buildSettings = {
				PRODUCT_NAME = "$(TARGET_NAME)";
			};
			name = Release;
		};
/* End XCBuildConfiguration section */

/* Begin XCConfigurationList section */
		94FDADC61C2DCC1F0097FAE7 /* Build configuration list for PBXProject "tst_void_del" */ = {
			isa = XCConfigurationList;
			buildConfigurations = (
				94FDADD01C2DCC1F0097FAE7 /* Debug */,
				94FDADD11C2DCC1F0097FAE7 /* Release */,
			);
			defaultConfigurationIsVisible = 0;
			defaultConfigurationName = Release;
		};
		94FDADD21C2DCC1F0097FAE7 /* Build configuration list for PBXNativeTarget "tst_void_del" */ = {
			isa = XCConfigurationList;
			buildConfigurations = (
				94FDADD31C2DCC1F0097FAE7 /* Debug */,
				94FDADD41C2DCC1F0097FAE7 /* Release */,
			);
			defaultConfigurationIsVisible = 0;
		};
/* End XCConfigurationList section */
	};
	rootObject = 94FDADC31C2DCC1F0097FAE7 /* Project object */;
}
