// !$*UTF8*$!
{
	archiveVersion = 1;
	classes = {
	};
	objectVersion = 46;
	objects = {

/* Begin PBXBuildFile section */
		94F1C3E91C26B3F500FB7BA9 /* main.cpp in Sources */ = {isa = PBXBuildFile; fileRef = 94F1C3E81C26B3F500FB7BA9 /* main.cpp */; };
/* End PBXBuildFile section */

/* Begin PBXCopyFilesBuildPhase section */
		94F1C3E31C26B3F500FB7BA9 /* CopyFiles */ = {
			isa = PBXCopyFilesBuildPhase;
			buildActionMask = 2147483647;
			dstPath = /usr/share/man/man1/;
			dstSubfolderSpec = 0;
			files = (
			);
			runOnlyForDeploymentPostprocessing = 1;
		};
/* End PBXCopyFilesBuildPhase section */

/* Begin PBXFileReference section */
		94F1C3E51C26B3F500FB7BA9 /* tst_address_call */ = {isa = PBXFileReference; explicitFileType = "compiled.mach-o.executable"; includeInIndex = 0; path = tst_address_call; sourceTree = BUILT_PRODUCTS_DIR; };
		94F1C3E81C26B3F500FB7BA9 /* main.cpp */ = {isa = PBXFileReference; lastKnownFileType = sourcecode.cpp.cpp; path = main.cpp; sourceTree = "<group>"; };
/* End PBXFileReference section */

/* Begin PBXFrameworksBuildPhase section */
		94F1C3E21C26B3F500FB7BA9 /* Frameworks */ = {
			isa = PBXFrameworksBuildPhase;
			buildActionMask = 2147483647;
			files = (
			);
			runOnlyForDeploymentPostprocessing = 0;
		};
/* End PBXFrameworksBuildPhase section */

/* Begin PBXGroup section */
		94F1C3DC1C26B3F500FB7BA9 = {
			isa = PBXGroup;
			children = (
				94F1C3E71C26B3F500FB7BA9 /* tst_address_call */,
				94F1C3E61C26B3F500FB7BA9 /* Products */,
			);
			sourceTree = "<group>";
		};
		94F1C3E61C26B3F500FB7BA9 /* Products */ = {
			isa = PBXGroup;
			children = (
				94F1C3E51C26B3F500FB7BA9 /* tst_address_call */,
			);
			name = Products;
			sourceTree = "<group>";
		};
		94F1C3E71C26B3F500FB7BA9 /* tst_address_call */ = {
			isa = PBXGroup;
			children = (
				94F1C3E81C26B3F500FB7BA9 /* main.cpp */,
			);
			path = tst_address_call;
			sourceTree = "<group>";
		};
/* End PBXGroup section */

/* Begin PBXNativeTarget section */
		94F1C3E41C26B3F500FB7BA9 /* tst_address_call */ = {
			isa = PBXNativeTarget;
			buildConfigurationList = 94F1C3EC1C26B3F500FB7BA9 /* Build configuration list for PBXNativeTarget "tst_address_call" */;
			buildPhases = (
				94F1C3E11C26B3F500FB7BA9 /* Sources */,
				94F1C3E21C26B3F500FB7BA9 /* Frameworks */,
				94F1C3E31C26B3F500FB7BA9 /* CopyFiles */,
			);
			buildRules = (
			);
			dependencies = (
			);
			name = tst_address_call;
			productName = tst_address_call;
			productReference = 94F1C3E51C26B3F500FB7BA9 /* tst_address_call */;
			productType = "com.apple.product-type.tool";
		};
/* End PBXNativeTarget section */

/* Begin PBXProject section */
		94F1C3DD1C26B3F500FB7BA9 /* Project object */ = {
			isa = PBXProject;
			attributes = {
				LastUpgradeCheck = 0610;
				ORGANIZATIONNAME = "Elahe & Amineh";
				TargetAttributes = {
					94F1C3E41C26B3F500FB7BA9 = {
						CreatedOnToolsVersion = 6.1.1;
					};
				};
			};
			buildConfigurationList = 94F1C3E01C26B3F500FB7BA9 /* Build configuration list for PBXProject "tst_address_call" */;
			compatibilityVersion = "Xcode 3.2";
			developmentRegion = English;
			hasScannedForEncodings = 0;
			knownRegions = (
				en,
			);
			mainGroup = 94F1C3DC1C26B3F500FB7BA9;
			productRefGroup = 94F1C3E61C26B3F500FB7BA9 /* Products */;
			projectDirPath = "";
			projectRoot = "";
			targets = (
				94F1C3E41C26B3F500FB7BA9 /* tst_address_call */,
			);
		};
/* End PBXProject section */

/* Begin PBXSourcesBuildPhase section */
		94F1C3E11C26B3F500FB7BA9 /* Sources */ = {
			isa = PBXSourcesBuildPhase;
			buildActionMask = 2147483647;
			files = (
				94F1C3E91C26B3F500FB7BA9 /* main.cpp in Sources */,
			);
			runOnlyForDeploymentPostprocessing = 0;
		};
/* End PBXSourcesBuildPhase section */

/* Begin XCBuildConfiguration section */
		94F1C3EA1C26B3F500FB7BA9 /* Debug */ = {
			isa = XCBuildConfiguration;
			buildSettings = {
				ALWAYS_SEARCH_USER_PATHS = NO;
				CLANG_CXX_LANGUAGE_STANDARD = "gnu++0x";
				CLANG_CXX_LIBRARY = "libc++";
				CLANG_ENABLE_MODULES = YES;
				CLANG_ENABLE_OBJC_ARC = YES;
				CLANG_WARN_BOOL_CONVERSION = YES;
				CLANG_WARN_CONSTANT_CONVERSION = YES;
				CLANG_WARN_DIRECT_OBJC_ISA_USAGE = YES_ERROR;
				CLANG_WARN_EMPTY_BODY = YES;
				CLANG_WARN_ENUM_CONVERSION = YES;
				CLANG_WARN_INT_CONVERSION = YES;
				CLANG_WARN_OBJC_ROOT_CLASS = YES_ERROR;
				CLANG_WARN_UNREACHABLE_CODE = YES;
				CLANG_WARN__DUPLICATE_METHOD_MATCH = YES;
				COPY_PHASE_STRIP = NO;
				ENABLE_STRICT_OBJC_MSGSEND = YES;
				GCC_C_LANGUAGE_STANDARD = gnu99;
				GCC_DYNAMIC_NO_PIC = NO;
				GCC_OPTIMIZATION_LEVEL = 0;
				GCC_PREPROCESSOR_DEFINITIONS = (
					"DEBUG=1",
					"$(inherited)",
				);
				GCC_SYMBOLS_PRIVATE_EXTERN = NO;
				GCC_WARN_64_TO_32_BIT_CONVERSION = YES;
				GCC_WARN_ABOUT_RETURN_TYPE = YES_ERROR;
				GCC_WARN_UNDECLARED_SELECTOR = YES;
				GCC_WARN_UNINITIALIZED_AUTOS = YES_AGGRESSIVE;
				GCC_WARN_UNUSED_FUNCTION = YES;
				GCC_WARN_UNUSED_VARIABLE = YES;
				MACOSX_DEPLOYMENT_TARGET = 10.10;
				MTL_ENABLE_DEBUG_INFO = YES;
				ONLY_ACTIVE_ARCH = YES;
				SDKROOT = macosx;
			};
			name = Debug;
		};
		94F1C3EB1C26B3F500FB7BA9 /* Release */ = {
			isa = XCBuildConfiguration;
			buildSettings = {
				ALWAYS_SEARCH_USER_PATHS = NO;
				CLANG_CXX_LANGUAGE_STANDARD = "gnu++0x";
				CLANG_CXX_LIBRARY = "libc++";
				CLANG_ENABLE_MODULES = YES;
				CLANG_ENABLE_OBJC_ARC = YES;
				CLANG_WARN_BOOL_CONVERSION = YES;
				CLANG_WARN_CONSTANT_CONVERSION = YES;
				CLANG_WARN_DIRECT_OBJC_ISA_USAGE = YES_ERROR;
				CLANG_WARN_EMPTY_BODY = YES;
				CLANG_WARN_ENUM_CONVERSION = YES;
				CLANG_WARN_INT_CONVERSION = YES;
				CLANG_WARN_OBJC_ROOT_CLASS = YES_ERROR;
				CLANG_WARN_UNREACHABLE_CODE = YES;
				CLANG_WARN__DUPLICATE_METHOD_MATCH = YES;
				COPY_PHASE_STRIP = YES;
				DEBUG_INFORMATION_FORMAT = "dwarf-with-dsym";
				ENABLE_NS_ASSERTIONS = NO;
				ENABLE_STRICT_OBJC_MSGSEND = YES;
				GCC_C_LANGUAGE_STANDARD = gnu99;
				GCC_WARN_64_TO_32_BIT_CONVERSION = YES;
				GCC_WARN_ABOUT_RETURN_TYPE = YES_ERROR;
				GCC_WARN_UNDECLARED_SELECTOR = YES;
				GCC_WARN_UNINITIALIZED_AUTOS = YES_AGGRESSIVE;
				GCC_WARN_UNUSED_FUNCTION = YES;
				GCC_WARN_UNUSED_VARIABLE = YES;
				MACOSX_DEPLOYMENT_TARGET = 10.10;
				MTL_ENABLE_DEBUG_INFO = NO;
				SDKROOT = macosx;
			};
			name = Release;
		};
		94F1C3ED1C26B3F500FB7BA9 /* Debug */ = {
			isa = XCBuildConfiguration;
			buildSettings = {
				PRODUCT_NAME = "$(TARGET_NAME)";
			};
			name = Debug;
		};
		94F1C3EE1C26B3F500FB7BA9 /* Release */ = {
			isa = XCBuildConfiguration;
			buildSettings = {
				PRODUCT_NAME = "$(TARGET_NAME)";
			};
			name = Release;
		};
/* End XCBuildConfiguration section */

/* Begin XCConfigurationList section */
		94F1C3E01C26B3F500FB7BA9 /* Build configuration list for PBXProject "tst_address_call" */ = {
			isa = XCConfigurationList;
			buildConfigurations = (
				94F1C3EA1C26B3F500FB7BA9 /* Debug */,
				94F1C3EB1C26B3F500FB7BA9 /* Release */,
			);
			defaultConfigurationIsVisible = 0;
			defaultConfigurationName = Release;
		};
		94F1C3EC1C26B3F500FB7BA9 /* Build configuration list for PBXNativeTarget "tst_address_call" */ = {
			isa = XCConfigurationList;
			buildConfigurations = (
				94F1C3ED1C26B3F500FB7BA9 /* Debug */,
				94F1C3EE1C26B3F500FB7BA9 /* Release */,
			);
			defaultConfigurationIsVisible = 0;
		};
/* End XCConfigurationList section */
	};
	rootObject = 94F1C3DD1C26B3F500FB7BA9 /* Project object */;
}
